// !$*UTF8*$!
{
	archiveVersion = 1;
	classes = {
	};
	objectVersion = 50;
	objects = {

/* Begin PBXBuildFile section */
		23EB1B686636802EC22AC891 /* Pods_BeddrAssign.framework in Frameworks */ = {isa = PBXBuildFile; fileRef = 030F5E1D576728B607A490A8 /* Pods_BeddrAssign.framework */; };
		5E21A9D922357C910088A478 /* DeviceName.swift in Sources */ = {isa = PBXBuildFile; fileRef = 5E21A9CA22357C910088A478 /* DeviceName.swift */; };
		5E21A9DA22357C910088A478 /* ControlCommand.swift in Sources */ = {isa = PBXBuildFile; fileRef = 5E21A9CB22357C910088A478 /* ControlCommand.swift */; };
		5E21A9DB22357C910088A478 /* RealtimeClock.swift in Sources */ = {isa = PBXBuildFile; fileRef = 5E21A9CC22357C910088A478 /* RealtimeClock.swift */; };
		5E21A9DC22357C910088A478 /* ControlStatus.swift in Sources */ = {isa = PBXBuildFile; fileRef = 5E21A9CD22357C910088A478 /* ControlStatus.swift */; };
		5E21A9DE22357C910088A478 /* Version.swift in Sources */ = {isa = PBXBuildFile; fileRef = 5E21A9CF22357C910088A478 /* Version.swift */; };
		5E21A9DF22357C910088A478 /* UniqueID.swift in Sources */ = {isa = PBXBuildFile; fileRef = 5E21A9D022357C910088A478 /* UniqueID.swift */; };
		5E21A9E022357C910088A478 /* Uuid.swift in Sources */ = {isa = PBXBuildFile; fileRef = 5E21A9D122357C910088A478 /* Uuid.swift */; };
		5E21A9E122357C910088A478 /* ChargingStatus.swift in Sources */ = {isa = PBXBuildFile; fileRef = 5E21A9D222357C910088A478 /* ChargingStatus.swift */; };
		5E21A9E222357C910088A478 /* SlowNotification.swift in Sources */ = {isa = PBXBuildFile; fileRef = 5E21A9D322357C910088A478 /* SlowNotification.swift */; };
		5E21A9E322357C910088A478 /* BPM.swift in Sources */ = {isa = PBXBuildFile; fileRef = 5E21A9D422357C910088A478 /* BPM.swift */; };
		5E21A9E422357C910088A478 /* Battery.swift in Sources */ = {isa = PBXBuildFile; fileRef = 5E21A9D522357C910088A478 /* Battery.swift */; };
		5E21A9E522357C910088A478 /* FastNotification.swift in Sources */ = {isa = PBXBuildFile; fileRef = 5E21A9D622357C910088A478 /* FastNotification.swift */; };
		5E21A9E722357C910088A478 /* BloodOxygen.swift in Sources */ = {isa = PBXBuildFile; fileRef = 5E21A9D822357C910088A478 /* BloodOxygen.swift */; };
		5E21A9EB223580460088A478 /* Data+Ext.swift in Sources */ = {isa = PBXBuildFile; fileRef = 5E21A9EA223580460088A478 /* Data+Ext.swift */; };
		5E21A9ED223580960088A478 /* String+Ext.swift in Sources */ = {isa = PBXBuildFile; fileRef = 5E21A9EC223580960088A478 /* String+Ext.swift */; };
		5E3FE1BD22340E3A00B2537F /* AppDelegate.swift in Sources */ = {isa = PBXBuildFile; fileRef = 5E3FE1BC22340E3A00B2537F /* AppDelegate.swift */; };
		5E3FE1C422340E3C00B2537F /* Assets.xcassets in Resources */ = {isa = PBXBuildFile; fileRef = 5E3FE1C322340E3C00B2537F /* Assets.xcassets */; };
		5E3FE1C722340E3C00B2537F /* LaunchScreen.storyboard in Resources */ = {isa = PBXBuildFile; fileRef = 5E3FE1C522340E3C00B2537F /* LaunchScreen.storyboard */; };
		5E3FE1D222340E3C00B2537F /* BeddrAssignTests.swift in Sources */ = {isa = PBXBuildFile; fileRef = 5E3FE1D122340E3C00B2537F /* BeddrAssignTests.swift */; };
		5E3FE1DD22340E3C00B2537F /* BeddrAssignUITests.swift in Sources */ = {isa = PBXBuildFile; fileRef = 5E3FE1DC22340E3C00B2537F /* BeddrAssignUITests.swift */; };
		5E3FE1EF22340F9800B2537F /* MainNavCntrl.swift in Sources */ = {isa = PBXBuildFile; fileRef = 5E3FE1EE22340F9800B2537F /* MainNavCntrl.swift */; };
		5E3FE201223415BB00B2537F /* ListViewModel.swift in Sources */ = {isa = PBXBuildFile; fileRef = 5E3FE1F8223415BA00B2537F /* ListViewModel.swift */; };
		5E3FE202223415BB00B2537F /* DeviceDetail.swift in Sources */ = {isa = PBXBuildFile; fileRef = 5E3FE1FA223415BA00B2537F /* DeviceDetail.swift */; };
		5E3FE203223415BB00B2537F /* DeviceHeader.swift in Sources */ = {isa = PBXBuildFile; fileRef = 5E3FE1FB223415BA00B2537F /* DeviceHeader.swift */; };
		5E3FE204223415BB00B2537F /* BeddrDevices.storyboard in Resources */ = {isa = PBXBuildFile; fileRef = 5E3FE1FD223415BA00B2537F /* BeddrDevices.storyboard */; };
		5E3FE206223415BB00B2537F /* ListDeviceHeaderVC.swift in Sources */ = {isa = PBXBuildFile; fileRef = 5E3FE1FF223415BA00B2537F /* ListDeviceHeaderVC.swift */; };
		5E3FE20922341A4F00B2537F /* UIStoryboard+Ext.swift in Sources */ = {isa = PBXBuildFile; fileRef = 5E3FE20822341A4F00B2537F /* UIStoryboard+Ext.swift */; };
		5E3FE20B2234235700B2537F /* BluetoothManager.swift in Sources */ = {isa = PBXBuildFile; fileRef = 5E3FE20A2234235700B2537F /* BluetoothManager.swift */; };
		5E3FE21022342FBB00B2537F /* Enum+BtState.swift in Sources */ = {isa = PBXBuildFile; fileRef = 5E3FE20F22342FBB00B2537F /* Enum+BtState.swift */; };
		5E3FE2122234380B00B2537F /* DeviceDetailVC.swift in Sources */ = {isa = PBXBuildFile; fileRef = 5E3FE2112234380B00B2537F /* DeviceDetailVC.swift */; };
		5EFA280E22358DF50031F273 /* BtParseReponse.swift in Sources */ = {isa = PBXBuildFile; fileRef = 5EFA280D22358DF50031F273 /* BtParseReponse.swift */; };
		5EFA37422234DC2300154BE8 /* BtConnectService.swift in Sources */ = {isa = PBXBuildFile; fileRef = 5EFA37412234DC2300154BE8 /* BtConnectService.swift */; };
		5EFA37452234DE2300154BE8 /* BtServices.swift in Sources */ = {isa = PBXBuildFile; fileRef = 5EFA37442234DE2300154BE8 /* BtServices.swift */; };
/* End PBXBuildFile section */

/* Begin PBXContainerItemProxy section */
		5E3FE1CE22340E3C00B2537F /* PBXContainerItemProxy */ = {
			isa = PBXContainerItemProxy;
			containerPortal = 5E3FE1B122340E3A00B2537F /* Project object */;
			proxyType = 1;
			remoteGlobalIDString = 5E3FE1B822340E3A00B2537F;
			remoteInfo = BeddrAssign;
		};
		5E3FE1D922340E3C00B2537F /* PBXContainerItemProxy */ = {
			isa = PBXContainerItemProxy;
			containerPortal = 5E3FE1B122340E3A00B2537F /* Project object */;
			proxyType = 1;
			remoteGlobalIDString = 5E3FE1B822340E3A00B2537F;
			remoteInfo = BeddrAssign;
		};
/* End PBXContainerItemProxy section */

/* Begin PBXFileReference section */
		030F5E1D576728B607A490A8 /* Pods_BeddrAssign.framework */ = {isa = PBXFileReference; explicitFileType = wrapper.framework; includeInIndex = 0; path = Pods_BeddrAssign.framework; sourceTree = BUILT_PRODUCTS_DIR; };
		5E21A9CA22357C910088A478 /* DeviceName.swift */ = {isa = PBXFileReference; fileEncoding = 4; lastKnownFileType = sourcecode.swift; path = DeviceName.swift; sourceTree = "<group>"; };
		5E21A9CB22357C910088A478 /* ControlCommand.swift */ = {isa = PBXFileReference; fileEncoding = 4; lastKnownFileType = sourcecode.swift; path = ControlCommand.swift; sourceTree = "<group>"; };
		5E21A9CC22357C910088A478 /* RealtimeClock.swift */ = {isa = PBXFileReference; fileEncoding = 4; lastKnownFileType = sourcecode.swift; path = RealtimeClock.swift; sourceTree = "<group>"; };
		5E21A9CD22357C910088A478 /* ControlStatus.swift */ = {isa = PBXFileReference; fileEncoding = 4; lastKnownFileType = sourcecode.swift; path = ControlStatus.swift; sourceTree = "<group>"; };
		5E21A9CF22357C910088A478 /* Version.swift */ = {isa = PBXFileReference; fileEncoding = 4; lastKnownFileType = sourcecode.swift; path = Version.swift; sourceTree = "<group>"; };
		5E21A9D022357C910088A478 /* UniqueID.swift */ = {isa = PBXFileReference; fileEncoding = 4; lastKnownFileType = sourcecode.swift; path = UniqueID.swift; sourceTree = "<group>"; };
		5E21A9D122357C910088A478 /* Uuid.swift */ = {isa = PBXFileReference; fileEncoding = 4; lastKnownFileType = sourcecode.swift; path = Uuid.swift; sourceTree = "<group>"; };
		5E21A9D222357C910088A478 /* ChargingStatus.swift */ = {isa = PBXFileReference; fileEncoding = 4; lastKnownFileType = sourcecode.swift; path = ChargingStatus.swift; sourceTree = "<group>"; };
		5E21A9D322357C910088A478 /* SlowNotification.swift */ = {isa = PBXFileReference; fileEncoding = 4; lastKnownFileType = sourcecode.swift; path = SlowNotification.swift; sourceTree = "<group>"; };
		5E21A9D422357C910088A478 /* BPM.swift */ = {isa = PBXFileReference; fileEncoding = 4; lastKnownFileType = sourcecode.swift; path = BPM.swift; sourceTree = "<group>"; };
		5E21A9D522357C910088A478 /* Battery.swift */ = {isa = PBXFileReference; fileEncoding = 4; lastKnownFileType = sourcecode.swift; path = Battery.swift; sourceTree = "<group>"; };
		5E21A9D622357C910088A478 /* FastNotification.swift */ = {isa = PBXFileReference; fileEncoding = 4; lastKnownFileType = sourcecode.swift; path = FastNotification.swift; sourceTree = "<group>"; };
		5E21A9D822357C910088A478 /* BloodOxygen.swift */ = {isa = PBXFileReference; fileEncoding = 4; lastKnownFileType = sourcecode.swift; path = BloodOxygen.swift; sourceTree = "<group>"; };
		5E21A9EA223580460088A478 /* Data+Ext.swift */ = {isa = PBXFileReference; lastKnownFileType = sourcecode.swift; path = "Data+Ext.swift"; sourceTree = "<group>"; };
		5E21A9EC223580960088A478 /* String+Ext.swift */ = {isa = PBXFileReference; lastKnownFileType = sourcecode.swift; path = "String+Ext.swift"; sourceTree = "<group>"; };
		5E3FE1B922340E3A00B2537F /* BeddrAssign.app */ = {isa = PBXFileReference; explicitFileType = wrapper.application; includeInIndex = 0; path = BeddrAssign.app; sourceTree = BUILT_PRODUCTS_DIR; };
		5E3FE1BC22340E3A00B2537F /* AppDelegate.swift */ = {isa = PBXFileReference; lastKnownFileType = sourcecode.swift; path = AppDelegate.swift; sourceTree = "<group>"; };
		5E3FE1C322340E3C00B2537F /* Assets.xcassets */ = {isa = PBXFileReference; lastKnownFileType = folder.assetcatalog; path = Assets.xcassets; sourceTree = "<group>"; };
		5E3FE1C622340E3C00B2537F /* Base */ = {isa = PBXFileReference; lastKnownFileType = file.storyboard; name = Base; path = Base.lproj/LaunchScreen.storyboard; sourceTree = "<group>"; };
		5E3FE1C822340E3C00B2537F /* Info.plist */ = {isa = PBXFileReference; lastKnownFileType = text.plist.xml; path = Info.plist; sourceTree = "<group>"; };
		5E3FE1CD22340E3C00B2537F /* BeddrAssignTests.xctest */ = {isa = PBXFileReference; explicitFileType = wrapper.cfbundle; includeInIndex = 0; path = BeddrAssignTests.xctest; sourceTree = BUILT_PRODUCTS_DIR; };
		5E3FE1D122340E3C00B2537F /* BeddrAssignTests.swift */ = {isa = PBXFileReference; lastKnownFileType = sourcecode.swift; path = BeddrAssignTests.swift; sourceTree = "<group>"; };
		5E3FE1D322340E3C00B2537F /* Info.plist */ = {isa = PBXFileReference; lastKnownFileType = text.plist.xml; path = Info.plist; sourceTree = "<group>"; };
		5E3FE1D822340E3C00B2537F /* BeddrAssignUITests.xctest */ = {isa = PBXFileReference; explicitFileType = wrapper.cfbundle; includeInIndex = 0; path = BeddrAssignUITests.xctest; sourceTree = BUILT_PRODUCTS_DIR; };
		5E3FE1DC22340E3C00B2537F /* BeddrAssignUITests.swift */ = {isa = PBXFileReference; lastKnownFileType = sourcecode.swift; path = BeddrAssignUITests.swift; sourceTree = "<group>"; };
		5E3FE1DE22340E3C00B2537F /* Info.plist */ = {isa = PBXFileReference; lastKnownFileType = text.plist.xml; path = Info.plist; sourceTree = "<group>"; };
		5E3FE1EE22340F9800B2537F /* MainNavCntrl.swift */ = {isa = PBXFileReference; lastKnownFileType = sourcecode.swift; path = MainNavCntrl.swift; sourceTree = "<group>"; };
		5E3FE1F8223415BA00B2537F /* ListViewModel.swift */ = {isa = PBXFileReference; fileEncoding = 4; lastKnownFileType = sourcecode.swift; path = ListViewModel.swift; sourceTree = "<group>"; };
		5E3FE1FA223415BA00B2537F /* DeviceDetail.swift */ = {isa = PBXFileReference; fileEncoding = 4; lastKnownFileType = sourcecode.swift; path = DeviceDetail.swift; sourceTree = "<group>"; };
		5E3FE1FB223415BA00B2537F /* DeviceHeader.swift */ = {isa = PBXFileReference; fileEncoding = 4; lastKnownFileType = sourcecode.swift; path = DeviceHeader.swift; sourceTree = "<group>"; };
		5E3FE1FD223415BA00B2537F /* BeddrDevices.storyboard */ = {isa = PBXFileReference; fileEncoding = 4; lastKnownFileType = file.storyboard; path = BeddrDevices.storyboard; sourceTree = "<group>"; };
		5E3FE1FF223415BA00B2537F /* ListDeviceHeaderVC.swift */ = {isa = PBXFileReference; fileEncoding = 4; lastKnownFileType = sourcecode.swift; path = ListDeviceHeaderVC.swift; sourceTree = "<group>"; };
		5E3FE20822341A4F00B2537F /* UIStoryboard+Ext.swift */ = {isa = PBXFileReference; lastKnownFileType = sourcecode.swift; path = "UIStoryboard+Ext.swift"; sourceTree = "<group>"; };
		5E3FE20A2234235700B2537F /* BluetoothManager.swift */ = {isa = PBXFileReference; fileEncoding = 4; lastKnownFileType = sourcecode.swift; path = BluetoothManager.swift; sourceTree = "<group>"; };
		5E3FE20F22342FBB00B2537F /* Enum+BtState.swift */ = {isa = PBXFileReference; lastKnownFileType = sourcecode.swift; path = "Enum+BtState.swift"; sourceTree = "<group>"; };
		5E3FE2112234380B00B2537F /* DeviceDetailVC.swift */ = {isa = PBXFileReference; lastKnownFileType = sourcecode.swift; path = DeviceDetailVC.swift; sourceTree = "<group>"; };
		5EFA280D22358DF50031F273 /* BtParseReponse.swift */ = {isa = PBXFileReference; lastKnownFileType = sourcecode.swift; path = BtParseReponse.swift; sourceTree = "<group>"; };
		5EFA37412234DC2300154BE8 /* BtConnectService.swift */ = {isa = PBXFileReference; lastKnownFileType = sourcecode.swift; path = BtConnectService.swift; sourceTree = "<group>"; };
		5EFA37442234DE2300154BE8 /* BtServices.swift */ = {isa = PBXFileReference; lastKnownFileType = sourcecode.swift; path = BtServices.swift; sourceTree = "<group>"; };
		81EB72DB05E1013ACAFC90FB /* Pods-BeddrAssign.debug.xcconfig */ = {isa = PBXFileReference; includeInIndex = 1; lastKnownFileType = text.xcconfig; name = "Pods-BeddrAssign.debug.xcconfig"; path = "Pods/Target Support Files/Pods-BeddrAssign/Pods-BeddrAssign.debug.xcconfig"; sourceTree = "<group>"; };
		C87C2986EF661271CDBF906E /* Pods-BeddrAssign.release.xcconfig */ = {isa = PBXFileReference; includeInIndex = 1; lastKnownFileType = text.xcconfig; name = "Pods-BeddrAssign.release.xcconfig"; path = "Pods/Target Support Files/Pods-BeddrAssign/Pods-BeddrAssign.release.xcconfig"; sourceTree = "<group>"; };
/* End PBXFileReference section */

/* Begin PBXFrameworksBuildPhase section */
		5E3FE1B622340E3A00B2537F /* Frameworks */ = {
			isa = PBXFrameworksBuildPhase;
			buildActionMask = 2147483647;
			files = (
				23EB1B686636802EC22AC891 /* Pods_BeddrAssign.framework in Frameworks */,
			);
			runOnlyForDeploymentPostprocessing = 0;
		};
		5E3FE1CA22340E3C00B2537F /* Frameworks */ = {
			isa = PBXFrameworksBuildPhase;
			buildActionMask = 2147483647;
			files = (
			);
			runOnlyForDeploymentPostprocessing = 0;
		};
		5E3FE1D522340E3C00B2537F /* Frameworks */ = {
			isa = PBXFrameworksBuildPhase;
			buildActionMask = 2147483647;
			files = (
			);
			runOnlyForDeploymentPostprocessing = 0;
		};
/* End PBXFrameworksBuildPhase section */

/* Begin PBXGroup section */
		27A0F9C9EF001E8177E751D9 /* Pods */ = {
			isa = PBXGroup;
			children = (
				81EB72DB05E1013ACAFC90FB /* Pods-BeddrAssign.debug.xcconfig */,
				C87C2986EF661271CDBF906E /* Pods-BeddrAssign.release.xcconfig */,
			);
			name = Pods;
			sourceTree = "<group>";
		};
		5E21A9C922357C910088A478 /* ParseSleepTuner */ = {
			isa = PBXGroup;
			children = (
				5E21A9CA22357C910088A478 /* DeviceName.swift */,
				5E21A9CB22357C910088A478 /* ControlCommand.swift */,
				5E21A9CC22357C910088A478 /* RealtimeClock.swift */,
				5E21A9CD22357C910088A478 /* ControlStatus.swift */,
				5E21A9CF22357C910088A478 /* Version.swift */,
				5E21A9D022357C910088A478 /* UniqueID.swift */,
				5E21A9D122357C910088A478 /* Uuid.swift */,
				5E21A9D222357C910088A478 /* ChargingStatus.swift */,
				5E21A9D322357C910088A478 /* SlowNotification.swift */,
				5E21A9D422357C910088A478 /* BPM.swift */,
				5E21A9D522357C910088A478 /* Battery.swift */,
				5E21A9D622357C910088A478 /* FastNotification.swift */,
				5E21A9D822357C910088A478 /* BloodOxygen.swift */,
			);
			path = ParseSleepTuner;
			sourceTree = "<group>";
		};
		5E21A9EE223582B70088A478 /* Bluetooth */ = {
			isa = PBXGroup;
			children = (
				5EFA37442234DE2300154BE8 /* BtServices.swift */,
				5E3FE20A2234235700B2537F /* BluetoothManager.swift */,
				5EFA280D22358DF50031F273 /* BtParseReponse.swift */,
				5EFA37412234DC2300154BE8 /* BtConnectService.swift */,
				5E3FE20F22342FBB00B2537F /* Enum+BtState.swift */,
				5E21A9C922357C910088A478 /* ParseSleepTuner */,
			);
			path = Bluetooth;
			sourceTree = "<group>";
		};
		5E3FE1B022340E3A00B2537F = {
			isa = PBXGroup;
			children = (
				5E3FE1BB22340E3A00B2537F /* BeddrAssign */,
				5E3FE1D022340E3C00B2537F /* BeddrAssignTests */,
				5E3FE1DB22340E3C00B2537F /* BeddrAssignUITests */,
				5E3FE1BA22340E3A00B2537F /* Products */,
				27A0F9C9EF001E8177E751D9 /* Pods */,
				939F0AAAFBB477B1A453F036 /* Frameworks */,
			);
			sourceTree = "<group>";
		};
		5E3FE1BA22340E3A00B2537F /* Products */ = {
			isa = PBXGroup;
			children = (
				5E3FE1B922340E3A00B2537F /* BeddrAssign.app */,
				5E3FE1CD22340E3C00B2537F /* BeddrAssignTests.xctest */,
				5E3FE1D822340E3C00B2537F /* BeddrAssignUITests.xctest */,
			);
			name = Products;
			sourceTree = "<group>";
		};
		5E3FE1BB22340E3A00B2537F /* BeddrAssign */ = {
			isa = PBXGroup;
			children = (
				5E3FE1EB22340EE200B2537F /* Application */,
				5E3FE1F5223415BA00B2537F /* DeviceInfo */,
				5E21A9EE223582B70088A478 /* Bluetooth */,
				5E3FE20722341A1E00B2537F /* Extentions */,
				5E3FE1C322340E3C00B2537F /* Assets.xcassets */,
				5E3FE1C822340E3C00B2537F /* Info.plist */,
			);
			path = BeddrAssign;
			sourceTree = "<group>";
		};
		5E3FE1D022340E3C00B2537F /* BeddrAssignTests */ = {
			isa = PBXGroup;
			children = (
				5E3FE1D122340E3C00B2537F /* BeddrAssignTests.swift */,
				5E3FE1D322340E3C00B2537F /* Info.plist */,
			);
			path = BeddrAssignTests;
			sourceTree = "<group>";
		};
		5E3FE1DB22340E3C00B2537F /* BeddrAssignUITests */ = {
			isa = PBXGroup;
			children = (
				5E3FE1DC22340E3C00B2537F /* BeddrAssignUITests.swift */,
				5E3FE1DE22340E3C00B2537F /* Info.plist */,
			);
			path = BeddrAssignUITests;
			sourceTree = "<group>";
		};
		5E3FE1EB22340EE200B2537F /* Application */ = {
			isa = PBXGroup;
			children = (
				5E3FE1BC22340E3A00B2537F /* AppDelegate.swift */,
				5E3FE1EE22340F9800B2537F /* MainNavCntrl.swift */,
				5E3FE1C522340E3C00B2537F /* LaunchScreen.storyboard */,
			);
			path = Application;
			sourceTree = "<group>";
		};
		5E3FE1F5223415BA00B2537F /* DeviceInfo */ = {
			isa = PBXGroup;
			children = (
				5E3FE1F9223415BA00B2537F /* Models */,
				5E3FE1FC223415BA00B2537F /* Views */,
				5E3FE1F6223415BA00B2537F /* ViewModels */,
			);
			path = DeviceInfo;
			sourceTree = "<group>";
		};
		5E3FE1F6223415BA00B2537F /* ViewModels */ = {
			isa = PBXGroup;
			children = (
				5E3FE1F8223415BA00B2537F /* ListViewModel.swift */,
			);
			path = ViewModels;
			sourceTree = "<group>";
		};
		5E3FE1F9223415BA00B2537F /* Models */ = {
			isa = PBXGroup;
			children = (
				5E3FE1FB223415BA00B2537F /* DeviceHeader.swift */,
				5E3FE1FA223415BA00B2537F /* DeviceDetail.swift */,
			);
			path = Models;
			sourceTree = "<group>";
		};
		5E3FE1FC223415BA00B2537F /* Views */ = {
			isa = PBXGroup;
			children = (
				5E3FE1FD223415BA00B2537F /* BeddrDevices.storyboard */,
				5E3FE1FF223415BA00B2537F /* ListDeviceHeaderVC.swift */,
				5E3FE2112234380B00B2537F /* DeviceDetailVC.swift */,
			);
			path = Views;
			sourceTree = "<group>";
		};
		5E3FE20722341A1E00B2537F /* Extentions */ = {
			isa = PBXGroup;
			children = (
				5E3FE20822341A4F00B2537F /* UIStoryboard+Ext.swift */,
				5E21A9EA223580460088A478 /* Data+Ext.swift */,
				5E21A9EC223580960088A478 /* String+Ext.swift */,
			);
			path = Extentions;
			sourceTree = "<group>";
		};
		939F0AAAFBB477B1A453F036 /* Frameworks */ = {
			isa = PBXGroup;
			children = (
				030F5E1D576728B607A490A8 /* Pods_BeddrAssign.framework */,
			);
			name = Frameworks;
			sourceTree = "<group>";
		};
/* End PBXGroup section */

/* Begin PBXNativeTarget section */
		5E3FE1B822340E3A00B2537F /* BeddrAssign */ = {
			isa = PBXNativeTarget;
			buildConfigurationList = 5E3FE1E122340E3C00B2537F /* Build configuration list for PBXNativeTarget "BeddrAssign" */;
			buildPhases = (
				044ABE80CBEF405DC0D5FD0E /* [CP] Check Pods Manifest.lock */,
				5E3FE1B522340E3A00B2537F /* Sources */,
				5E3FE1B622340E3A00B2537F /* Frameworks */,
				5E3FE1B722340E3A00B2537F /* Resources */,
				A61003C2676F207C11ADA90A /* [CP] Embed Pods Frameworks */,
			);
			buildRules = (
			);
			dependencies = (
			);
			name = BeddrAssign;
			productName = BeddrAssign;
			productReference = 5E3FE1B922340E3A00B2537F /* BeddrAssign.app */;
			productType = "com.apple.product-type.application";
		};
		5E3FE1CC22340E3C00B2537F /* BeddrAssignTests */ = {
			isa = PBXNativeTarget;
			buildConfigurationList = 5E3FE1E422340E3C00B2537F /* Build configuration list for PBXNativeTarget "BeddrAssignTests" */;
			buildPhases = (
				5E3FE1C922340E3C00B2537F /* Sources */,
				5E3FE1CA22340E3C00B2537F /* Frameworks */,
				5E3FE1CB22340E3C00B2537F /* Resources */,
			);
			buildRules = (
			);
			dependencies = (
				5E3FE1CF22340E3C00B2537F /* PBXTargetDependency */,
			);
			name = BeddrAssignTests;
			productName = BeddrAssignTests;
			productReference = 5E3FE1CD22340E3C00B2537F /* BeddrAssignTests.xctest */;
			productType = "com.apple.product-type.bundle.unit-test";
		};
		5E3FE1D722340E3C00B2537F /* BeddrAssignUITests */ = {
			isa = PBXNativeTarget;
			buildConfigurationList = 5E3FE1E722340E3C00B2537F /* Build configuration list for PBXNativeTarget "BeddrAssignUITests" */;
			buildPhases = (
				5E3FE1D422340E3C00B2537F /* Sources */,
				5E3FE1D522340E3C00B2537F /* Frameworks */,
				5E3FE1D622340E3C00B2537F /* Resources */,
			);
			buildRules = (
			);
			dependencies = (
				5E3FE1DA22340E3C00B2537F /* PBXTargetDependency */,
			);
			name = BeddrAssignUITests;
			productName = BeddrAssignUITests;
			productReference = 5E3FE1D822340E3C00B2537F /* BeddrAssignUITests.xctest */;
			productType = "com.apple.product-type.bundle.ui-testing";
		};
/* End PBXNativeTarget section */

/* Begin PBXProject section */
		5E3FE1B122340E3A00B2537F /* Project object */ = {
			isa = PBXProject;
			attributes = {
				LastSwiftUpdateCheck = 0940;
				LastUpgradeCheck = 0940;
				ORGANIZATIONNAME = "Mike Saradeth";
				TargetAttributes = {
					5E3FE1B822340E3A00B2537F = {
						CreatedOnToolsVersion = 9.4.1;
					};
					5E3FE1CC22340E3C00B2537F = {
						CreatedOnToolsVersion = 9.4.1;
						TestTargetID = 5E3FE1B822340E3A00B2537F;
					};
					5E3FE1D722340E3C00B2537F = {
						CreatedOnToolsVersion = 9.4.1;
						TestTargetID = 5E3FE1B822340E3A00B2537F;
					};
				};
			};
			buildConfigurationList = 5E3FE1B422340E3A00B2537F /* Build configuration list for PBXProject "BeddrAssign" */;
			compatibilityVersion = "Xcode 9.3";
			developmentRegion = en;
			hasScannedForEncodings = 0;
			knownRegions = (
				en,
				Base,
			);
			mainGroup = 5E3FE1B022340E3A00B2537F;
			productRefGroup = 5E3FE1BA22340E3A00B2537F /* Products */;
			projectDirPath = "";
			projectRoot = "";
			targets = (
				5E3FE1B822340E3A00B2537F /* BeddrAssign */,
				5E3FE1CC22340E3C00B2537F /* BeddrAssignTests */,
				5E3FE1D722340E3C00B2537F /* BeddrAssignUITests */,
			);
		};
/* End PBXProject section */

/* Begin PBXResourcesBuildPhase section */
		5E3FE1B722340E3A00B2537F /* Resources */ = {
			isa = PBXResourcesBuildPhase;
			buildActionMask = 2147483647;
			files = (
				5E3FE1C722340E3C00B2537F /* LaunchScreen.storyboard in Resources */,
				5E3FE1C422340E3C00B2537F /* Assets.xcassets in Resources */,
				5E3FE204223415BB00B2537F /* BeddrDevices.storyboard in Resources */,
			);
			runOnlyForDeploymentPostprocessing = 0;
		};
		5E3FE1CB22340E3C00B2537F /* Resources */ = {
			isa = PBXResourcesBuildPhase;
			buildActionMask = 2147483647;
			files = (
			);
			runOnlyForDeploymentPostprocessing = 0;
		};
		5E3FE1D622340E3C00B2537F /* Resources */ = {
			isa = PBXResourcesBuildPhase;
			buildActionMask = 2147483647;
			files = (
			);
			runOnlyForDeploymentPostprocessing = 0;
		};
/* End PBXResourcesBuildPhase section */

/* Begin PBXShellScriptBuildPhase section */
		044ABE80CBEF405DC0D5FD0E /* [CP] Check Pods Manifest.lock */ = {
			isa = PBXShellScriptBuildPhase;
			buildActionMask = 2147483647;
			files = (
			);
			inputPaths = (
				"${PODS_PODFILE_DIR_PATH}/Podfile.lock",
				"${PODS_ROOT}/Manifest.lock",
			);
			name = "[CP] Check Pods Manifest.lock";
			outputPaths = (
				"$(DERIVED_FILE_DIR)/Pods-BeddrAssign-checkManifestLockResult.txt",
			);
			runOnlyForDeploymentPostprocessing = 0;
			shellPath = /bin/sh;
			shellScript = "diff \"${PODS_PODFILE_DIR_PATH}/Podfile.lock\" \"${PODS_ROOT}/Manifest.lock\" > /dev/null\nif [ $? != 0 ] ; then\n    # print error to STDERR\n    echo \"error: The sandbox is not in sync with the Podfile.lock. Run 'pod install' or update your CocoaPods installation.\" >&2\n    exit 1\nfi\n# This output is used by Xcode 'outputs' to avoid re-running this script phase.\necho \"SUCCESS\" > \"${SCRIPT_OUTPUT_FILE_0}\"\n";
			showEnvVarsInLog = 0;
		};
		A61003C2676F207C11ADA90A /* [CP] Embed Pods Frameworks */ = {
			isa = PBXShellScriptBuildPhase;
			buildActionMask = 2147483647;
			files = (
			);
			inputPaths = (
				"${SRCROOT}/Pods/Target Support Files/Pods-BeddrAssign/Pods-BeddrAssign-frameworks.sh",
				"${BUILT_PRODUCTS_DIR}/Alamofire/Alamofire.framework",
				"${BUILT_PRODUCTS_DIR}/RxAtomic/RxAtomic.framework",
				"${BUILT_PRODUCTS_DIR}/RxCocoa/RxCocoa.framework",
				"${BUILT_PRODUCTS_DIR}/RxSwift/RxSwift.framework",
			);
			name = "[CP] Embed Pods Frameworks";
			outputPaths = (
				"${TARGET_BUILD_DIR}/${FRAMEWORKS_FOLDER_PATH}/Alamofire.framework",
				"${TARGET_BUILD_DIR}/${FRAMEWORKS_FOLDER_PATH}/RxAtomic.framework",
				"${TARGET_BUILD_DIR}/${FRAMEWORKS_FOLDER_PATH}/RxCocoa.framework",
				"${TARGET_BUILD_DIR}/${FRAMEWORKS_FOLDER_PATH}/RxSwift.framework",
			);
			runOnlyForDeploymentPostprocessing = 0;
			shellPath = /bin/sh;
			shellScript = "\"${SRCROOT}/Pods/Target Support Files/Pods-BeddrAssign/Pods-BeddrAssign-frameworks.sh\"\n";
			showEnvVarsInLog = 0;
		};
/* End PBXShellScriptBuildPhase section */

/* Begin PBXSourcesBuildPhase section */
		5E3FE1B522340E3A00B2537F /* Sources */ = {
			isa = PBXSourcesBuildPhase;
			buildActionMask = 2147483647;
			files = (
				5E21A9E022357C910088A478 /* Uuid.swift in Sources */,
				5E3FE201223415BB00B2537F /* ListViewModel.swift in Sources */,
				5EFA37422234DC2300154BE8 /* BtConnectService.swift in Sources */,
				5E3FE203223415BB00B2537F /* DeviceHeader.swift in Sources */,
				5EFA280E22358DF50031F273 /* BtParseReponse.swift in Sources */,
				5E21A9E722357C910088A478 /* BloodOxygen.swift in Sources */,
				5E21A9E322357C910088A478 /* BPM.swift in Sources */,
				5E21A9E222357C910088A478 /* SlowNotification.swift in Sources */,
				5EFA37452234DE2300154BE8 /* BtServices.swift in Sources */,
				5E21A9DB22357C910088A478 /* RealtimeClock.swift in Sources */,
				5E21A9E122357C910088A478 /* ChargingStatus.swift in Sources */,
				5E21A9EB223580460088A478 /* Data+Ext.swift in Sources */,
				5E21A9DE22357C910088A478 /* Version.swift in Sources */,
				5E3FE2122234380B00B2537F /* DeviceDetailVC.swift in Sources */,
				5E3FE206223415BB00B2537F /* ListDeviceHeaderVC.swift in Sources */,
				5E21A9E422357C910088A478 /* Battery.swift in Sources */,
				5E3FE202223415BB00B2537F /* DeviceDetail.swift in Sources */,
				5E21A9DC22357C910088A478 /* ControlStatus.swift in Sources */,
				5E21A9ED223580960088A478 /* String+Ext.swift in Sources */,
				5E21A9D922357C910088A478 /* DeviceName.swift in Sources */,
				5E3FE20B2234235700B2537F /* BluetoothManager.swift in Sources */,
				5E3FE1BD22340E3A00B2537F /* AppDelegate.swift in Sources */,
				5E3FE20922341A4F00B2537F /* UIStoryboard+Ext.swift in Sources */,
				5E3FE1EF22340F9800B2537F /* MainNavCntrl.swift in Sources */,
				5E21A9DF22357C910088A478 /* UniqueID.swift in Sources */,
				5E3FE21022342FBB00B2537F /* Enum+BtState.swift in Sources */,
				5E21A9DA22357C910088A478 /* ControlCommand.swift in Sources */,
				5E21A9E522357C910088A478 /* FastNotification.swift in Sources */,
			);
			runOnlyForDeploymentPostprocessing = 0;
		};
		5E3FE1C922340E3C00B2537F /* Sources */ = {
			isa = PBXSourcesBuildPhase;
			buildActionMask = 2147483647;
			files = (
				5E3FE1D222340E3C00B2537F /* BeddrAssignTests.swift in Sources */,
			);
			runOnlyForDeploymentPostprocessing = 0;
		};
		5E3FE1D422340E3C00B2537F /* Sources */ = {
			isa = PBXSourcesBuildPhase;
			buildActionMask = 2147483647;
			files = (
				5E3FE1DD22340E3C00B2537F /* BeddrAssignUITests.swift in Sources */,
			);
			runOnlyForDeploymentPostprocessing = 0;
		};
/* End PBXSourcesBuildPhase section */

/* Begin PBXTargetDependency section */
		5E3FE1CF22340E3C00B2537F /* PBXTargetDependency */ = {
			isa = PBXTargetDependency;
			target = 5E3FE1B822340E3A00B2537F /* BeddrAssign */;
			targetProxy = 5E3FE1CE22340E3C00B2537F /* PBXContainerItemProxy */;
		};
		5E3FE1DA22340E3C00B2537F /* PBXTargetDependency */ = {
			isa = PBXTargetDependency;
			target = 5E3FE1B822340E3A00B2537F /* BeddrAssign */;
			targetProxy = 5E3FE1D922340E3C00B2537F /* PBXContainerItemProxy */;
		};
/* End PBXTargetDependency section */

/* Begin PBXVariantGroup section */
		5E3FE1C522340E3C00B2537F /* LaunchScreen.storyboard */ = {
			isa = PBXVariantGroup;
			children = (
				5E3FE1C622340E3C00B2537F /* Base */,
			);
			name = LaunchScreen.storyboard;
			sourceTree = "<group>";
		};
/* End PBXVariantGroup section */

/* Begin XCBuildConfiguration section */
		5E3FE1DF22340E3C00B2537F /* Debug */ = {
			isa = XCBuildConfiguration;
			buildSettings = {
				ALWAYS_SEARCH_USER_PATHS = NO;
				CLANG_ANALYZER_NONNULL = YES;
				CLANG_ANALYZER_NUMBER_OBJECT_CONVERSION = YES_AGGRESSIVE;
				CLANG_CXX_LANGUAGE_STANDARD = "gnu++14";
				CLANG_CXX_LIBRARY = "libc++";
				CLANG_ENABLE_MODULES = YES;
				CLANG_ENABLE_OBJC_ARC = YES;
				CLANG_ENABLE_OBJC_WEAK = YES;
				CLANG_WARN_BLOCK_CAPTURE_AUTORELEASING = YES;
				CLANG_WARN_BOOL_CONVERSION = YES;
				CLANG_WARN_COMMA = YES;
				CLANG_WARN_CONSTANT_CONVERSION = YES;
				CLANG_WARN_DEPRECATED_OBJC_IMPLEMENTATIONS = YES;
				CLANG_WARN_DIRECT_OBJC_ISA_USAGE = YES_ERROR;
				CLANG_WARN_DOCUMENTATION_COMMENTS = YES;
				CLANG_WARN_EMPTY_BODY = YES;
				CLANG_WARN_ENUM_CONVERSION = YES;
				CLANG_WARN_INFINITE_RECURSION = YES;
				CLANG_WARN_INT_CONVERSION = YES;
				CLANG_WARN_NON_LITERAL_NULL_CONVERSION = YES;
				CLANG_WARN_OBJC_IMPLICIT_RETAIN_SELF = YES;
				CLANG_WARN_OBJC_LITERAL_CONVERSION = YES;
				CLANG_WARN_OBJC_ROOT_CLASS = YES_ERROR;
				CLANG_WARN_RANGE_LOOP_ANALYSIS = YES;
				CLANG_WARN_STRICT_PROTOTYPES = YES;
				CLANG_WARN_SUSPICIOUS_MOVE = YES;
				CLANG_WARN_UNGUARDED_AVAILABILITY = YES_AGGRESSIVE;
				CLANG_WARN_UNREACHABLE_CODE = YES;
				CLANG_WARN__DUPLICATE_METHOD_MATCH = YES;
				CODE_SIGN_IDENTITY = "iPhone Developer";
				COPY_PHASE_STRIP = NO;
				DEBUG_INFORMATION_FORMAT = dwarf;
				ENABLE_STRICT_OBJC_MSGSEND = YES;
				ENABLE_TESTABILITY = YES;
				GCC_C_LANGUAGE_STANDARD = gnu11;
				GCC_DYNAMIC_NO_PIC = NO;
				GCC_NO_COMMON_BLOCKS = YES;
				GCC_OPTIMIZATION_LEVEL = 0;
				GCC_PREPROCESSOR_DEFINITIONS = (
					"DEBUG=1",
					"$(inherited)",
				);
				GCC_WARN_64_TO_32_BIT_CONVERSION = YES;
				GCC_WARN_ABOUT_RETURN_TYPE = YES_ERROR;
				GCC_WARN_UNDECLARED_SELECTOR = YES;
				GCC_WARN_UNINITIALIZED_AUTOS = YES_AGGRESSIVE;
				GCC_WARN_UNUSED_FUNCTION = YES;
				GCC_WARN_UNUSED_VARIABLE = YES;
				IPHONEOS_DEPLOYMENT_TARGET = 11.4;
				MTL_ENABLE_DEBUG_INFO = YES;
				ONLY_ACTIVE_ARCH = YES;
				SDKROOT = iphoneos;
				SWIFT_ACTIVE_COMPILATION_CONDITIONS = DEBUG;
				SWIFT_OPTIMIZATION_LEVEL = "-Onone";
			};
			name = Debug;
		};
		5E3FE1E022340E3C00B2537F /* Release */ = {
			isa = XCBuildConfiguration;
			buildSettings = {
				ALWAYS_SEARCH_USER_PATHS = NO;
				CLANG_ANALYZER_NONNULL = YES;
				CLANG_ANALYZER_NUMBER_OBJECT_CONVERSION = YES_AGGRESSIVE;
				CLANG_CXX_LANGUAGE_STANDARD = "gnu++14";
				CLANG_CXX_LIBRARY = "libc++";
				CLANG_ENABLE_MODULES = YES;
				CLANG_ENABLE_OBJC_ARC = YES;
				CLANG_ENABLE_OBJC_WEAK = YES;
				CLANG_WARN_BLOCK_CAPTURE_AUTORELEASING = YES;
				CLANG_WARN_BOOL_CONVERSION = YES;
				CLANG_WARN_COMMA = YES;
				CLANG_WARN_CONSTANT_CONVERSION = YES;
				CLANG_WARN_DEPRECATED_OBJC_IMPLEMENTATIONS = YES;
				CLANG_WARN_DIRECT_OBJC_ISA_USAGE = YES_ERROR;
				CLANG_WARN_DOCUMENTATION_COMMENTS = YES;
				CLANG_WARN_EMPTY_BODY = YES;
				CLANG_WARN_ENUM_CONVERSION = YES;
				CLANG_WARN_INFINITE_RECURSION = YES;
				CLANG_WARN_INT_CONVERSION = YES;
				CLANG_WARN_NON_LITERAL_NULL_CONVERSION = YES;
				CLANG_WARN_OBJC_IMPLICIT_RETAIN_SELF = YES;
				CLANG_WARN_OBJC_LITERAL_CONVERSION = YES;
				CLANG_WARN_OBJC_ROOT_CLASS = YES_ERROR;
				CLANG_WARN_RANGE_LOOP_ANALYSIS = YES;
				CLANG_WARN_STRICT_PROTOTYPES = YES;
				CLANG_WARN_SUSPICIOUS_MOVE = YES;
				CLANG_WARN_UNGUARDED_AVAILABILITY = YES_AGGRESSIVE;
				CLANG_WARN_UNREACHABLE_CODE = YES;
				CLANG_WARN__DUPLICATE_METHOD_MATCH = YES;
				CODE_SIGN_IDENTITY = "iPhone Developer";
				COPY_PHASE_STRIP = NO;
				DEBUG_INFORMATION_FORMAT = "dwarf-with-dsym";
				ENABLE_NS_ASSERTIONS = NO;
				ENABLE_STRICT_OBJC_MSGSEND = YES;
				GCC_C_LANGUAGE_STANDARD = gnu11;
				GCC_NO_COMMON_BLOCKS = YES;
				GCC_WARN_64_TO_32_BIT_CONVERSION = YES;
				GCC_WARN_ABOUT_RETURN_TYPE = YES_ERROR;
				GCC_WARN_UNDECLARED_SELECTOR = YES;
				GCC_WARN_UNINITIALIZED_AUTOS = YES_AGGRESSIVE;
				GCC_WARN_UNUSED_FUNCTION = YES;
				GCC_WARN_UNUSED_VARIABLE = YES;
				IPHONEOS_DEPLOYMENT_TARGET = 11.4;
				MTL_ENABLE_DEBUG_INFO = NO;
				SDKROOT = iphoneos;
				SWIFT_COMPILATION_MODE = wholemodule;
				SWIFT_OPTIMIZATION_LEVEL = "-O";
				VALIDATE_PRODUCT = YES;
			};
			name = Release;
		};
		5E3FE1E222340E3C00B2537F /* Debug */ = {
			isa = XCBuildConfiguration;
			baseConfigurationReference = 81EB72DB05E1013ACAFC90FB /* Pods-BeddrAssign.debug.xcconfig */;
			buildSettings = {
				ASSETCATALOG_COMPILER_APPICON_NAME = AppIcon;
				CODE_SIGN_STYLE = Automatic;
				DEVELOPMENT_TEAM = QAJNW7456U;
				INFOPLIST_FILE = BeddrAssign/Info.plist;
				IPHONEOS_DEPLOYMENT_TARGET = 11.1;
				LD_RUNPATH_SEARCH_PATHS = (
					"$(inherited)",
					"@executable_path/Frameworks",
				);
				PRODUCT_BUNDLE_IDENTIFIER = MikeSaradeth.BeddrAssign;
				PRODUCT_NAME = "$(TARGET_NAME)";
				SWIFT_VERSION = 4.0;
				TARGETED_DEVICE_FAMILY = "1,2";
			};
			name = Debug;
		};
		5E3FE1E322340E3C00B2537F /* Release */ = {
			isa = XCBuildConfiguration;
			baseConfigurationReference = C87C2986EF661271CDBF906E /* Pods-BeddrAssign.release.xcconfig */;
			buildSettings = {
				ASSETCATALOG_COMPILER_APPICON_NAME = AppIcon;
				CODE_SIGN_STYLE = Automatic;
				DEVELOPMENT_TEAM = QAJNW7456U;
				INFOPLIST_FILE = BeddrAssign/Info.plist;
				IPHONEOS_DEPLOYMENT_TARGET = 11.1;
				LD_RUNPATH_SEARCH_PATHS = (
					"$(inherited)",
					"@executable_path/Frameworks",
				);
				PRODUCT_BUNDLE_IDENTIFIER = MikeSaradeth.BeddrAssign;
				PRODUCT_NAME = "$(TARGET_NAME)";
				SWIFT_VERSION = 4.0;
				TARGETED_DEVICE_FAMILY = "1,2";
			};
			name = Release;
		};
		5E3FE1E522340E3C00B2537F /* Debug */ = {
			isa = XCBuildConfiguration;
			buildSettings = {
				ALWAYS_EMBED_SWIFT_STANDARD_LIBRARIES = YES;
				BUNDLE_LOADER = "$(TEST_HOST)";
				CODE_SIGN_STYLE = Automatic;
				DEVELOPMENT_TEAM = QAJNW7456U;
				INFOPLIST_FILE = BeddrAssignTests/Info.plist;
				LD_RUNPATH_SEARCH_PATHS = (
					"$(inherited)",
					"@executable_path/Frameworks",
					"@loader_path/Frameworks",
				);
				PRODUCT_BUNDLE_IDENTIFIER = MikeSaradeth.BeddrAssignTests;
				PRODUCT_NAME = "$(TARGET_NAME)";
				SWIFT_VERSION = 4.0;
				TARGETED_DEVICE_FAMILY = "1,2";
				TEST_HOST = "$(BUILT_PRODUCTS_DIR)/BeddrAssign.app/BeddrAssign";
			};
			name = Debug;
		};
		5E3FE1E622340E3C00B2537F /* Release */ = {
			isa = XCBuildConfiguration;
			buildSettings = {
				ALWAYS_EMBED_SWIFT_STANDARD_LIBRARIES = YES;
				BUNDLE_LOADER = "$(TEST_HOST)";
				CODE_SIGN_STYLE = Automatic;
				DEVELOPMENT_TEAM = QAJNW7456U;
				INFOPLIST_FILE = BeddrAssignTests/Info.plist;
				LD_RUNPATH_SEARCH_PATHS = (
					"$(inherited)",
					"@executable_path/Frameworks",
					"@loader_path/Frameworks",
				);
				PRODUCT_BUNDLE_IDENTIFIER = MikeSaradeth.BeddrAssignTests;
				PRODUCT_NAME = "$(TARGET_NAME)";
				SWIFT_VERSION = 4.0;
				TARGETED_DEVICE_FAMILY = "1,2";
				TEST_HOST = "$(BUILT_PRODUCTS_DIR)/BeddrAssign.app/BeddrAssign";
			};
			name = Release;
		};
		5E3FE1E822340E3C00B2537F /* Debug */ = {
			isa = XCBuildConfiguration;
			buildSettings = {
				ALWAYS_EMBED_SWIFT_STANDARD_LIBRARIES = YES;
				CODE_SIGN_STYLE = Automatic;
				DEVELOPMENT_TEAM = QAJNW7456U;
				INFOPLIST_FILE = BeddrAssignUITests/Info.plist;
				LD_RUNPATH_SEARCH_PATHS = (
					"$(inherited)",
					"@executable_path/Frameworks",
					"@loader_path/Frameworks",
				);
				PRODUCT_BUNDLE_IDENTIFIER = MikeSaradeth.BeddrAssignUITests;
				PRODUCT_NAME = "$(TARGET_NAME)";
				SWIFT_VERSION = 4.0;
				TARGETED_DEVICE_FAMILY = "1,2";
				TEST_TARGET_NAME = BeddrAssign;
			};
			name = Debug;
		};
		5E3FE1E922340E3C00B2537F /* Release */ = {
			isa = XCBuildConfiguration;
			buildSettings = {
				ALWAYS_EMBED_SWIFT_STANDARD_LIBRARIES = YES;
				CODE_SIGN_STYLE = Automatic;
				DEVELOPMENT_TEAM = QAJNW7456U;
				INFOPLIST_FILE = BeddrAssignUITests/Info.plist;
				LD_RUNPATH_SEARCH_PATHS = (
					"$(inherited)",
					"@executable_path/Frameworks",
					"@loader_path/Frameworks",
				);
				PRODUCT_BUNDLE_IDENTIFIER = MikeSaradeth.BeddrAssignUITests;
				PRODUCT_NAME = "$(TARGET_NAME)";
				SWIFT_VERSION = 4.0;
				TARGETED_DEVICE_FAMILY = "1,2";
				TEST_TARGET_NAME = BeddrAssign;
			};
			name = Release;
		};
/* End XCBuildConfiguration section */

/* Begin XCConfigurationList section */
		5E3FE1B422340E3A00B2537F /* Build configuration list for PBXProject "BeddrAssign" */ = {
			isa = XCConfigurationList;
			buildConfigurations = (
				5E3FE1DF22340E3C00B2537F /* Debug */,
				5E3FE1E022340E3C00B2537F /* Release */,
			);
			defaultConfigurationIsVisible = 0;
			defaultConfigurationName = Release;
		};
		5E3FE1E122340E3C00B2537F /* Build configuration list for PBXNativeTarget "BeddrAssign" */ = {
			isa = XCConfigurationList;
			buildConfigurations = (
				5E3FE1E222340E3C00B2537F /* Debug */,
				5E3FE1E322340E3C00B2537F /* Release */,
			);
			defaultConfigurationIsVisible = 0;
			defaultConfigurationName = Release;
		};
		5E3FE1E422340E3C00B2537F /* Build configuration list for PBXNativeTarget "BeddrAssignTests" */ = {
			isa = XCConfigurationList;
			buildConfigurations = (
				5E3FE1E522340E3C00B2537F /* Debug */,
				5E3FE1E622340E3C00B2537F /* Release */,
			);
			defaultConfigurationIsVisible = 0;
			defaultConfigurationName = Release;
		};
		5E3FE1E722340E3C00B2537F /* Build configuration list for PBXNativeTarget "BeddrAssignUITests" */ = {
			isa = XCConfigurationList;
			buildConfigurations = (
				5E3FE1E822340E3C00B2537F /* Debug */,
				5E3FE1E922340E3C00B2537F /* Release */,
			);
			defaultConfigurationIsVisible = 0;
			defaultConfigurationName = Release;
		};
/* End XCConfigurationList section */
	};
	rootObject = 5E3FE1B122340E3A00B2537F /* Project object */;
}
